
Microsoft Visual Studio Solution File, Format Version 12.00
# Visual Studio Version 17
VisualStudioVersion = 17.0.31912.275
MinimumVisualStudioVersion = 10.0.40219.1
Project("{FAE04EC0-301F-11D3-BF4B-00C04F79EFBC}") = "OOP", "OOP\OOP.csproj", "{99988359-535A-4B20-8782-60723FFD3C41}"
EndProject
Global
	GlobalSection(SolutionConfigurationPlatforms) = preSolution
		Debug|Any CPU = Debug|Any CPU
		Release|Any CPU = Release|Any CPU
	EndGlobalSection
	GlobalSection(ProjectConfigurationPlatforms) = postSolution
		{99988359-535A-4B20-8782-60723FFD3C41}.Debug|Any CPU.ActiveCfg = Debug|Any CPU
		{99988359-535A-4B20-8782-60723FFD3C41}.Debug|Any CPU.Build.0 = Debug|Any CPU
		{99988359-535A-4B20-8782-60723FFD3C41}.Release|Any CPU.ActiveCfg = Release|Any CPU
		{99988359-535A-4B20-8782-60723FFD3C41}.Release|Any CPU.Build.0 = Release|Any CPU
	EndGlobalSection
	GlobalSection(SolutionProperties) = preSolution
		HideSolutionNode = FALSE
	EndGlobalSection
	GlobalSection(ExtensibilityGlobals) = postSolution
		SolutionGuid = {59B912A2-8B45-4500-A522-BDEBDC670CA8}
	EndGlobalSection
EndGlobal
