
Microsoft Visual Studio Solution File, Format Version 12.00
# Visual Studio Version 17
VisualStudioVersion = 17.0.31912.275
MinimumVisualStudioVersion = 10.0.40219.1
Project("{FAE04EC0-301F-11D3-BF4B-00C04F79EFBC}") = "StudentApp", "StudentApp\StudentApp.csproj", "{92E4F3E6-A569-414C-B639-CB37A52DE432}"
EndProject
Global
	GlobalSection(SolutionConfigurationPlatforms) = preSolution
		Debug|Any CPU = Debug|Any CPU
		Release|Any CPU = Release|Any CPU
	EndGlobalSection
	GlobalSection(ProjectConfigurationPlatforms) = postSolution
		{92E4F3E6-A569-414C-B639-CB37A52DE432}.Debug|Any CPU.ActiveCfg = Debug|Any CPU
		{92E4F3E6-A569-414C-B639-CB37A52DE432}.Debug|Any CPU.Build.0 = Debug|Any CPU
		{92E4F3E6-A569-414C-B639-CB37A52DE432}.Release|Any CPU.ActiveCfg = Release|Any CPU
		{92E4F3E6-A569-414C-B639-CB37A52DE432}.Release|Any CPU.Build.0 = Release|Any CPU
	EndGlobalSection
	GlobalSection(SolutionProperties) = preSolution
		HideSolutionNode = FALSE
	EndGlobalSection
	GlobalSection(ExtensibilityGlobals) = postSolution
		SolutionGuid = {F0644CCA-7AD9-4208-8E0D-088D94A4B008}
	EndGlobalSection
EndGlobal
