
Microsoft Visual Studio Solution File, Format Version 12.00
# Visual Studio Version 17
VisualStudioVersion = 17.0.31912.275
MinimumVisualStudioVersion = 10.0.40219.1
Project("{FAE04EC0-301F-11D3-BF4B-00C04F79EFBC}") = "FirstMvcApplication", "FirstMvcApplication\FirstMvcApplication.csproj", "{1C5D566F-62A0-400A-8804-6427391CAC01}"
EndProject
Global
	GlobalSection(SolutionConfigurationPlatforms) = preSolution
		Debug|Any CPU = Debug|Any CPU
		Release|Any CPU = Release|Any CPU
	EndGlobalSection
	GlobalSection(ProjectConfigurationPlatforms) = postSolution
		{1C5D566F-62A0-400A-8804-6427391CAC01}.Debug|Any CPU.ActiveCfg = Debug|Any CPU
		{1C5D566F-62A0-400A-8804-6427391CAC01}.Debug|Any CPU.Build.0 = Debug|Any CPU
		{1C5D566F-62A0-400A-8804-6427391CAC01}.Release|Any CPU.ActiveCfg = Release|Any CPU
		{1C5D566F-62A0-400A-8804-6427391CAC01}.Release|Any CPU.Build.0 = Release|Any CPU
	EndGlobalSection
	GlobalSection(SolutionProperties) = preSolution
		HideSolutionNode = FALSE
	EndGlobalSection
	GlobalSection(ExtensibilityGlobals) = postSolution
		SolutionGuid = {96E06299-E912-4D58-9A7A-A81D4960C503}
	EndGlobalSection
EndGlobal
