
Microsoft Visual Studio Solution File, Format Version 12.00
# Visual Studio Version 17
VisualStudioVersion = 17.0.31912.275
MinimumVisualStudioVersion = 10.0.40219.1
Project("{FAE04EC0-301F-11D3-BF4B-00C04F79EFBC}") = "UzdaviniaiMasyvai", "UzdaviniaiMasyvai\UzdaviniaiMasyvai.csproj", "{117148B4-5F25-4FBB-9D61-497298AA7B69}"
EndProject
Global
	GlobalSection(SolutionConfigurationPlatforms) = preSolution
		Debug|Any CPU = Debug|Any CPU
		Release|Any CPU = Release|Any CPU
	EndGlobalSection
	GlobalSection(ProjectConfigurationPlatforms) = postSolution
		{117148B4-5F25-4FBB-9D61-497298AA7B69}.Debug|Any CPU.ActiveCfg = Debug|Any CPU
		{117148B4-5F25-4FBB-9D61-497298AA7B69}.Debug|Any CPU.Build.0 = Debug|Any CPU
		{117148B4-5F25-4FBB-9D61-497298AA7B69}.Release|Any CPU.ActiveCfg = Release|Any CPU
		{117148B4-5F25-4FBB-9D61-497298AA7B69}.Release|Any CPU.Build.0 = Release|Any CPU
	EndGlobalSection
	GlobalSection(SolutionProperties) = preSolution
		HideSolutionNode = FALSE
	EndGlobalSection
	GlobalSection(ExtensibilityGlobals) = postSolution
		SolutionGuid = {909CF5C9-4433-4C59-B126-100B8F944C50}
	EndGlobalSection
EndGlobal
